{
    "_meta": {
        "hash": {
            "sha256": "7d2a5e15c2cf592bbbbde05192ae8f517ed0586a5e7d8cd7d0b1fd650ea511d0"
        },
        "pipfile-spec": 6,
        "requires": {
            "python_version": "3.6"
        },
        "sources": [
            {
                "name": "pypi",
                "url": "https://pypi.org/simple",
                "verify_ssl": true
            }
        ]
    },
    "default": {
        "django": {
            "hashes": [
                "sha256:014e3392058d94f40569206a24523ce254d55ad2f9f46c6550b0fe2e4f94cf3f",
                "sha256:4200aefb6678019a0acf0005cd14cfce3a5e6b9b90d06145fcdd2e474ad4329c"
            ],
            "index": "pypi",
            "version": "==1.11.29"
        },
        "django-tables2": {
            "hashes": [
                "sha256:1e68fbb06aedfddd41639b604e13c32b70cd85b0ee62add70fbe8668a2cb527a"
            ],
            "index": "pypi",
            "version": "==1.21.1"
        },
        "djangorestframework": {
            "hashes": [
                "sha256:1f6baf40ed456ed2af6bd1a4ff8bbc3503cebea16509993aea2b7085bc097766",
                "sha256:9f9e94e8d22b100ed3a43cee8c47a7ff7b185e778a1f2da9ec5c73fc4e081b87"
            ],
            "index": "pypi",
            "version": "==3.7.7"
        },
        "honcho": {
            "hashes": [
                "sha256:af5806bf13e3b20acdcb9ff8c0beb91eee6fe07393c3448dfad89667e6ac7576",
                "sha256:c189402ad2e337777283c6a12d0f4f61dc6dd20c254c9a3a4af5087fc66cea6e"
            ],
            "index": "pypi",
            "version": "==1.0.1"
        },
        "pytz": {
            "hashes": [
                "sha256:d1d6729c85acea5423671382868627129432fba9a89ecbb248d8d1c7a9f01c67",
                "sha256:f5c056e8f62d45ba8215e5cb8f50dfccb198b4b9fbea8500674f3443e4689589"
            ],
            "index": "pypi",
            "version": "==2017.2"
        },
        "uwsgi": {
            "hashes": [
                "sha256:572ef9696b97595b4f44f6198fe8c06e6f4e6351d930d22e5330b071391272ff"
            ],
            "index": "pypi",
            "version": "==2.0.15"
        }
    },
    "develop": {}
}
